
Microsoft Visual Studio Solution File, Format Version 12.00
# Visual Studio Version 17
VisualStudioVersion = 17.5.33516.290
MinimumVisualStudioVersion = 10.0.40219.1
Project("{2150E333-8FDC-42A3-9474-1A3956D46DE8}") = "src", "src", "{05D8509E-D4D9-4C6A-9BAD-D2C856FAD8CF}"
EndProject
Project("{2150E333-8FDC-42A3-9474-1A3956D46DE8}") = "Core", "Core", "{9891D073-FD11-4DCD-873A-BB71A58BEC2E}"
EndProject
Project("{2150E333-8FDC-42A3-9474-1A3956D46DE8}") = "Infraestructure", "Infraestructure", "{7B507BBE-0BB2-4F1F-B4AC-4898903FF776}"
EndProject
Project("{2150E333-8FDC-42A3-9474-1A3956D46DE8}") = "Presentation", "Presentation", "{0C19E253-9854-4D96-8865-A9717F56CB4A}"
EndProject
Project("{9A19103F-16F7-4668-BE54-9A1E7A4F7556}") = "Application", "Application\Application.csproj", "{90F6570B-0F4A-4B8D-8C8C-1C0832E917BE}"
EndProject
Project("{9A19103F-16F7-4668-BE54-9A1E7A4F7556}") = "Domain", "Domain\Domain.csproj", "{438E049C-AF38-4B8F-A205-A76E888EBFC2}"
EndProject
Project("{9A19103F-16F7-4668-BE54-9A1E7A4F7556}") = "Persistence", "Persistence\Persistence.csproj", "{C8923BFF-62B0-4766-AA9C-5E9DA166A86F}"
EndProject
Project("{9A19103F-16F7-4668-BE54-9A1E7A4F7556}") = "Shared", "Shared\Shared.csproj", "{B9AA063B-4709-42CC-ABE0-6158EF23E62E}"
EndProject
Project("{FAE04EC0-301F-11D3-BF4B-00C04F79EFBC}") = "WebApi", "WebApi\WebApi.csproj", "{0ABCAE16-F520-47A8-BEB6-68C5B597D9DE}"
EndProject
Global
	GlobalSection(SolutionConfigurationPlatforms) = preSolution
		Debug|Any CPU = Debug|Any CPU
		Release|Any CPU = Release|Any CPU
	EndGlobalSection
	GlobalSection(ProjectConfigurationPlatforms) = postSolution
		{90F6570B-0F4A-4B8D-8C8C-1C0832E917BE}.Debug|Any CPU.ActiveCfg = Debug|Any CPU
		{90F6570B-0F4A-4B8D-8C8C-1C0832E917BE}.Debug|Any CPU.Build.0 = Debug|Any CPU
		{90F6570B-0F4A-4B8D-8C8C-1C0832E917BE}.Release|Any CPU.ActiveCfg = Release|Any CPU
		{90F6570B-0F4A-4B8D-8C8C-1C0832E917BE}.Release|Any CPU.Build.0 = Release|Any CPU
		{438E049C-AF38-4B8F-A205-A76E888EBFC2}.Debug|Any CPU.ActiveCfg = Debug|Any CPU
		{438E049C-AF38-4B8F-A205-A76E888EBFC2}.Debug|Any CPU.Build.0 = Debug|Any CPU
		{438E049C-AF38-4B8F-A205-A76E888EBFC2}.Release|Any CPU.ActiveCfg = Release|Any CPU
		{438E049C-AF38-4B8F-A205-A76E888EBFC2}.Release|Any CPU.Build.0 = Release|Any CPU
		{C8923BFF-62B0-4766-AA9C-5E9DA166A86F}.Debug|Any CPU.ActiveCfg = Debug|Any CPU
		{C8923BFF-62B0-4766-AA9C-5E9DA166A86F}.Debug|Any CPU.Build.0 = Debug|Any CPU
		{C8923BFF-62B0-4766-AA9C-5E9DA166A86F}.Release|Any CPU.ActiveCfg = Release|Any CPU
		{C8923BFF-62B0-4766-AA9C-5E9DA166A86F}.Release|Any CPU.Build.0 = Release|Any CPU
		{B9AA063B-4709-42CC-ABE0-6158EF23E62E}.Debug|Any CPU.ActiveCfg = Debug|Any CPU
		{B9AA063B-4709-42CC-ABE0-6158EF23E62E}.Debug|Any CPU.Build.0 = Debug|Any CPU
		{B9AA063B-4709-42CC-ABE0-6158EF23E62E}.Release|Any CPU.ActiveCfg = Release|Any CPU
		{B9AA063B-4709-42CC-ABE0-6158EF23E62E}.Release|Any CPU.Build.0 = Release|Any CPU
		{0ABCAE16-F520-47A8-BEB6-68C5B597D9DE}.Debug|Any CPU.ActiveCfg = Debug|Any CPU
		{0ABCAE16-F520-47A8-BEB6-68C5B597D9DE}.Debug|Any CPU.Build.0 = Debug|Any CPU
		{0ABCAE16-F520-47A8-BEB6-68C5B597D9DE}.Release|Any CPU.ActiveCfg = Release|Any CPU
		{0ABCAE16-F520-47A8-BEB6-68C5B597D9DE}.Release|Any CPU.Build.0 = Release|Any CPU
	EndGlobalSection
	GlobalSection(SolutionProperties) = preSolution
		HideSolutionNode = FALSE
	EndGlobalSection
	GlobalSection(NestedProjects) = preSolution
		{9891D073-FD11-4DCD-873A-BB71A58BEC2E} = {05D8509E-D4D9-4C6A-9BAD-D2C856FAD8CF}
		{7B507BBE-0BB2-4F1F-B4AC-4898903FF776} = {05D8509E-D4D9-4C6A-9BAD-D2C856FAD8CF}
		{0C19E253-9854-4D96-8865-A9717F56CB4A} = {05D8509E-D4D9-4C6A-9BAD-D2C856FAD8CF}
		{90F6570B-0F4A-4B8D-8C8C-1C0832E917BE} = {9891D073-FD11-4DCD-873A-BB71A58BEC2E}
		{438E049C-AF38-4B8F-A205-A76E888EBFC2} = {9891D073-FD11-4DCD-873A-BB71A58BEC2E}
		{C8923BFF-62B0-4766-AA9C-5E9DA166A86F} = {7B507BBE-0BB2-4F1F-B4AC-4898903FF776}
		{B9AA063B-4709-42CC-ABE0-6158EF23E62E} = {7B507BBE-0BB2-4F1F-B4AC-4898903FF776}
		{0ABCAE16-F520-47A8-BEB6-68C5B597D9DE} = {0C19E253-9854-4D96-8865-A9717F56CB4A}
	EndGlobalSection
	GlobalSection(ExtensibilityGlobals) = postSolution
		SolutionGuid = {501D2418-C05F-46EB-A505-240332F70589}
	EndGlobalSection
EndGlobal
